
Microsoft Visual Studio Solution File, Format Version 12.00
# Visual Studio Version 17
VisualStudioVersion = 17.5.002.0
MinimumVisualStudioVersion = 10.0.40219.1
Project("{9A19103F-16F7-4668-BE54-9A1E7A4F7556}") = "Jumping on the Clouds Revisited", "Jumping on the Clouds Revisited.csproj", "{9122FBDC-418F-48ED-8E29-9643F87ACD89}"
EndProject
Global
	GlobalSection(SolutionConfigurationPlatforms) = preSolution
		Debug|Any CPU = Debug|Any CPU
		Release|Any CPU = Release|Any CPU
	EndGlobalSection
	GlobalSection(ProjectConfigurationPlatforms) = postSolution
		{9122FBDC-418F-48ED-8E29-9643F87ACD89}.Debug|Any CPU.ActiveCfg = Debug|Any CPU
		{9122FBDC-418F-48ED-8E29-9643F87ACD89}.Debug|Any CPU.Build.0 = Debug|Any CPU
		{9122FBDC-418F-48ED-8E29-9643F87ACD89}.Release|Any CPU.ActiveCfg = Release|Any CPU
		{9122FBDC-418F-48ED-8E29-9643F87ACD89}.Release|Any CPU.Build.0 = Release|Any CPU
	EndGlobalSection
	GlobalSection(SolutionProperties) = preSolution
		HideSolutionNode = FALSE
	EndGlobalSection
	GlobalSection(ExtensibilityGlobals) = postSolution
		SolutionGuid = {90CC88F9-2412-481B-9A2C-65DAB814DAC7}
	EndGlobalSection
EndGlobal
