
Microsoft Visual Studio Solution File, Format Version 12.00
# Visual Studio Version 17
VisualStudioVersion = 17.5.002.0
MinimumVisualStudioVersion = 10.0.40219.1
Project("{9A19103F-16F7-4668-BE54-9A1E7A4F7556}") = "Flatland Space Stations", "Flatland Space Stations.csproj", "{0C4EF1B3-B339-4953-B08E-1BEAA1B38D73}"
EndProject
Global
	GlobalSection(SolutionConfigurationPlatforms) = preSolution
		Debug|Any CPU = Debug|Any CPU
		Release|Any CPU = Release|Any CPU
	EndGlobalSection
	GlobalSection(ProjectConfigurationPlatforms) = postSolution
		{0C4EF1B3-B339-4953-B08E-1BEAA1B38D73}.Debug|Any CPU.ActiveCfg = Debug|Any CPU
		{0C4EF1B3-B339-4953-B08E-1BEAA1B38D73}.Debug|Any CPU.Build.0 = Debug|Any CPU
		{0C4EF1B3-B339-4953-B08E-1BEAA1B38D73}.Release|Any CPU.ActiveCfg = Release|Any CPU
		{0C4EF1B3-B339-4953-B08E-1BEAA1B38D73}.Release|Any CPU.Build.0 = Release|Any CPU
	EndGlobalSection
	GlobalSection(SolutionProperties) = preSolution
		HideSolutionNode = FALSE
	EndGlobalSection
	GlobalSection(ExtensibilityGlobals) = postSolution
		SolutionGuid = {92822281-E2B1-4DAB-849E-080DBCABE711}
	EndGlobalSection
EndGlobal
